
Microsoft Visual Studio Solution File, Format Version 12.00
# Visual Studio 15
VisualStudioVersion = 15.0.26730.8
MinimumVisualStudioVersion = 10.0.40219.1
Project("{FAE04EC0-301F-11D3-BF4B-00C04F79EFBC}") = "LotusInn.Web", "LotusInn.Web\LotusInn.Web.csproj", "{F5FAD75D-3120-464F-A6C5-3C6D4EFA119F}"
EndProject
Project("{FAE04EC0-301F-11D3-BF4B-00C04F79EFBC}") = "LotusInn.Model", "LotusInn.Model\LotusInn.Model.csproj", "{C453677D-7940-47D2-95B3-68C6F3D44DA0}"
EndProject
Project("{FAE04EC0-301F-11D3-BF4B-00C04F79EFBC}") = "LotusInn.Business", "LotusInn.Business\LotusInn.Business.csproj", "{AAAF02AC-6917-4A23-A73E-7DE0DC02FA24}"
EndProject
Project("{FAE04EC0-301F-11D3-BF4B-00C04F79EFBC}") = "LotusInn.Admin", "LotusInn.Admin\LotusInn.Admin.csproj", "{69E5ACA8-C205-4872-B9DF-C14EAC5F238D}"
EndProject
Project("{FAE04EC0-301F-11D3-BF4B-00C04F79EFBC}") = "Lotusinn.Core", "LotusInn.Core\Lotusinn.Core.csproj", "{5DDC4A51-A35F-4D65-9983-0CBEF80152E4}"
EndProject
Project("{FAE04EC0-301F-11D3-BF4B-00C04F79EFBC}") = "Lotusinn.Data", "Lotusinn.Data\Lotusinn.Data.csproj", "{C290B057-E169-4560-9167-FEF7F21AB888}"
EndProject
Project("{00D1A9C2-B5F0-4AF3-8072-F6C62B433612}") = "Lotusinn.db", "Lotusinn.db\Lotusinn.db.sqlproj", "{76DB054B-4D17-465A-96A4-78F1AC78686A}"
EndProject
Project("{FAE04EC0-301F-11D3-BF4B-00C04F79EFBC}") = "Lotusinn.Service", "Lotusinn.Service\Lotusinn.Service.csproj", "{F7DDCE3E-A086-475A-9F8A-7892214492B6}"
EndProject
Global
	GlobalSection(SolutionConfigurationPlatforms) = preSolution
		Debug|Any CPU = Debug|Any CPU
		Release|Any CPU = Release|Any CPU
	EndGlobalSection
	GlobalSection(ProjectConfigurationPlatforms) = postSolution
		{F5FAD75D-3120-464F-A6C5-3C6D4EFA119F}.Debug|Any CPU.ActiveCfg = Debug|Any CPU
		{F5FAD75D-3120-464F-A6C5-3C6D4EFA119F}.Debug|Any CPU.Build.0 = Debug|Any CPU
		{F5FAD75D-3120-464F-A6C5-3C6D4EFA119F}.Release|Any CPU.ActiveCfg = Release|Any CPU
		{F5FAD75D-3120-464F-A6C5-3C6D4EFA119F}.Release|Any CPU.Build.0 = Release|Any CPU
		{C453677D-7940-47D2-95B3-68C6F3D44DA0}.Debug|Any CPU.ActiveCfg = Debug|Any CPU
		{C453677D-7940-47D2-95B3-68C6F3D44DA0}.Debug|Any CPU.Build.0 = Debug|Any CPU
		{C453677D-7940-47D2-95B3-68C6F3D44DA0}.Release|Any CPU.ActiveCfg = Release|Any CPU
		{C453677D-7940-47D2-95B3-68C6F3D44DA0}.Release|Any CPU.Build.0 = Release|Any CPU
		{AAAF02AC-6917-4A23-A73E-7DE0DC02FA24}.Debug|Any CPU.ActiveCfg = Debug|Any CPU
		{AAAF02AC-6917-4A23-A73E-7DE0DC02FA24}.Debug|Any CPU.Build.0 = Debug|Any CPU
		{AAAF02AC-6917-4A23-A73E-7DE0DC02FA24}.Release|Any CPU.ActiveCfg = Release|Any CPU
		{AAAF02AC-6917-4A23-A73E-7DE0DC02FA24}.Release|Any CPU.Build.0 = Release|Any CPU
		{69E5ACA8-C205-4872-B9DF-C14EAC5F238D}.Debug|Any CPU.ActiveCfg = Debug|Any CPU
		{69E5ACA8-C205-4872-B9DF-C14EAC5F238D}.Debug|Any CPU.Build.0 = Debug|Any CPU
		{69E5ACA8-C205-4872-B9DF-C14EAC5F238D}.Release|Any CPU.ActiveCfg = Release|Any CPU
		{69E5ACA8-C205-4872-B9DF-C14EAC5F238D}.Release|Any CPU.Build.0 = Release|Any CPU
		{5DDC4A51-A35F-4D65-9983-0CBEF80152E4}.Debug|Any CPU.ActiveCfg = Debug|Any CPU
		{5DDC4A51-A35F-4D65-9983-0CBEF80152E4}.Debug|Any CPU.Build.0 = Debug|Any CPU
		{5DDC4A51-A35F-4D65-9983-0CBEF80152E4}.Release|Any CPU.ActiveCfg = Release|Any CPU
		{5DDC4A51-A35F-4D65-9983-0CBEF80152E4}.Release|Any CPU.Build.0 = Release|Any CPU
		{C290B057-E169-4560-9167-FEF7F21AB888}.Debug|Any CPU.ActiveCfg = Debug|Any CPU
		{C290B057-E169-4560-9167-FEF7F21AB888}.Debug|Any CPU.Build.0 = Debug|Any CPU
		{C290B057-E169-4560-9167-FEF7F21AB888}.Release|Any CPU.ActiveCfg = Release|Any CPU
		{C290B057-E169-4560-9167-FEF7F21AB888}.Release|Any CPU.Build.0 = Release|Any CPU
		{76DB054B-4D17-465A-96A4-78F1AC78686A}.Debug|Any CPU.ActiveCfg = Debug|Any CPU
		{76DB054B-4D17-465A-96A4-78F1AC78686A}.Debug|Any CPU.Build.0 = Debug|Any CPU
		{76DB054B-4D17-465A-96A4-78F1AC78686A}.Debug|Any CPU.Deploy.0 = Debug|Any CPU
		{76DB054B-4D17-465A-96A4-78F1AC78686A}.Release|Any CPU.ActiveCfg = Release|Any CPU
		{76DB054B-4D17-465A-96A4-78F1AC78686A}.Release|Any CPU.Build.0 = Release|Any CPU
		{76DB054B-4D17-465A-96A4-78F1AC78686A}.Release|Any CPU.Deploy.0 = Release|Any CPU
		{F7DDCE3E-A086-475A-9F8A-7892214492B6}.Debug|Any CPU.ActiveCfg = Debug|Any CPU
		{F7DDCE3E-A086-475A-9F8A-7892214492B6}.Debug|Any CPU.Build.0 = Debug|Any CPU
		{F7DDCE3E-A086-475A-9F8A-7892214492B6}.Release|Any CPU.ActiveCfg = Release|Any CPU
		{F7DDCE3E-A086-475A-9F8A-7892214492B6}.Release|Any CPU.Build.0 = Release|Any CPU
	EndGlobalSection
	GlobalSection(SolutionProperties) = preSolution
		HideSolutionNode = FALSE
	EndGlobalSection
	GlobalSection(ExtensibilityGlobals) = postSolution
		SolutionGuid = {4254B17E-0632-405B-A81D-2220BD63BA69}
	EndGlobalSection
EndGlobal
